
Microsoft Visual Studio Solution File, Format Version 12.00
# Visual Studio 15
VisualStudioVersion = 15.0.27130.2010
MinimumVisualStudioVersion = 10.0.40219.1
Project("{FAE04EC0-301F-11D3-BF4B-00C04F79EFBC}") = "SquareChase", "SquareChase\SquareChase.csproj", "{535118CD-3364-4D58-9CC2-CEE29AEB87E8}"
EndProject
Project("{FAE04EC0-301F-11D3-BF4B-00C04F79EFBC}") = "FloodControl", "FloodControl\FloodControl.csproj", "{23558A2B-8EBE-4BEF-9E7B-517CC4BB3DC6}"
EndProject
Project("{FAE04EC0-301F-11D3-BF4B-00C04F79EFBC}") = "AsteroidAssault", "AsteroidAssault\AsteroidAssault.csproj", "{F85D50F5-4889-43C5-86CF-E8DF3E99A690}"
EndProject
Project("{FAE04EC0-301F-11D3-BF4B-00C04F79EFBC}") = "Packt.Mono.Framework", "Packt.Mono.Framework\Packt.Mono.Framework.csproj", "{95941149-BAC1-4C33-B936-044667D5BBBA}"
EndProject
Project("{FAE04EC0-301F-11D3-BF4B-00C04F79EFBC}") = "RobotRampage", "RobotRampage\RobotRampage.csproj", "{42E051D8-D662-4D11-9D14-799BC95E1D04}"
EndProject
Global
	GlobalSection(SolutionConfigurationPlatforms) = preSolution
		Debug|Any CPU = Debug|Any CPU
		Debug|x86 = Debug|x86
		Release|Any CPU = Release|Any CPU
		Release|x86 = Release|x86
	EndGlobalSection
	GlobalSection(ProjectConfigurationPlatforms) = postSolution
		{535118CD-3364-4D58-9CC2-CEE29AEB87E8}.Debug|Any CPU.ActiveCfg = Debug|x86
		{535118CD-3364-4D58-9CC2-CEE29AEB87E8}.Debug|x86.ActiveCfg = Debug|x86
		{535118CD-3364-4D58-9CC2-CEE29AEB87E8}.Debug|x86.Build.0 = Debug|x86
		{535118CD-3364-4D58-9CC2-CEE29AEB87E8}.Release|Any CPU.ActiveCfg = Release|x86
		{535118CD-3364-4D58-9CC2-CEE29AEB87E8}.Release|x86.ActiveCfg = Release|x86
		{535118CD-3364-4D58-9CC2-CEE29AEB87E8}.Release|x86.Build.0 = Release|x86
		{23558A2B-8EBE-4BEF-9E7B-517CC4BB3DC6}.Debug|Any CPU.ActiveCfg = Debug|x86
		{23558A2B-8EBE-4BEF-9E7B-517CC4BB3DC6}.Debug|x86.ActiveCfg = Debug|x86
		{23558A2B-8EBE-4BEF-9E7B-517CC4BB3DC6}.Debug|x86.Build.0 = Debug|x86
		{23558A2B-8EBE-4BEF-9E7B-517CC4BB3DC6}.Release|Any CPU.ActiveCfg = Release|x86
		{23558A2B-8EBE-4BEF-9E7B-517CC4BB3DC6}.Release|x86.ActiveCfg = Release|x86
		{23558A2B-8EBE-4BEF-9E7B-517CC4BB3DC6}.Release|x86.Build.0 = Release|x86
		{F85D50F5-4889-43C5-86CF-E8DF3E99A690}.Debug|Any CPU.ActiveCfg = Debug|x86
		{F85D50F5-4889-43C5-86CF-E8DF3E99A690}.Debug|x86.ActiveCfg = Debug|x86
		{F85D50F5-4889-43C5-86CF-E8DF3E99A690}.Debug|x86.Build.0 = Debug|x86
		{F85D50F5-4889-43C5-86CF-E8DF3E99A690}.Release|Any CPU.ActiveCfg = Release|x86
		{F85D50F5-4889-43C5-86CF-E8DF3E99A690}.Release|x86.ActiveCfg = Release|x86
		{F85D50F5-4889-43C5-86CF-E8DF3E99A690}.Release|x86.Build.0 = Release|x86
		{95941149-BAC1-4C33-B936-044667D5BBBA}.Debug|Any CPU.ActiveCfg = Debug|Any CPU
		{95941149-BAC1-4C33-B936-044667D5BBBA}.Debug|Any CPU.Build.0 = Debug|Any CPU
		{95941149-BAC1-4C33-B936-044667D5BBBA}.Debug|x86.ActiveCfg = Debug|Any CPU
		{95941149-BAC1-4C33-B936-044667D5BBBA}.Debug|x86.Build.0 = Debug|Any CPU
		{95941149-BAC1-4C33-B936-044667D5BBBA}.Release|Any CPU.ActiveCfg = Release|Any CPU
		{95941149-BAC1-4C33-B936-044667D5BBBA}.Release|Any CPU.Build.0 = Release|Any CPU
		{95941149-BAC1-4C33-B936-044667D5BBBA}.Release|x86.ActiveCfg = Release|Any CPU
		{95941149-BAC1-4C33-B936-044667D5BBBA}.Release|x86.Build.0 = Release|Any CPU
		{42E051D8-D662-4D11-9D14-799BC95E1D04}.Debug|Any CPU.ActiveCfg = Debug|x86
		{42E051D8-D662-4D11-9D14-799BC95E1D04}.Debug|x86.ActiveCfg = Debug|x86
		{42E051D8-D662-4D11-9D14-799BC95E1D04}.Debug|x86.Build.0 = Debug|x86
		{42E051D8-D662-4D11-9D14-799BC95E1D04}.Release|Any CPU.ActiveCfg = Release|x86
		{42E051D8-D662-4D11-9D14-799BC95E1D04}.Release|x86.ActiveCfg = Release|x86
		{42E051D8-D662-4D11-9D14-799BC95E1D04}.Release|x86.Build.0 = Release|x86
	EndGlobalSection
	GlobalSection(SolutionProperties) = preSolution
		HideSolutionNode = FALSE
	EndGlobalSection
	GlobalSection(ExtensibilityGlobals) = postSolution
		SolutionGuid = {42FD2513-518D-4546-9127-A157F497E1C7}
	EndGlobalSection
EndGlobal
